<Solution>
  <Folder Name="/src/">
    <Project Path="src/SnowRunnerTuningShop.Core/SnowRunnerTuningShop.Core.csproj" />
    <Project Path="src/SnowRunnerTuningShop/SnowRunnerTuningShop.csproj" />
  </Folder>
  <Folder Name="/tests/">
    <Project Path="tests/SnowRunnerTuningShop.Tests/SnowRunnerTuningShop.Tests.csproj" />
  </Folder>
</Solution>
